{
  "name": "exercicios_implementacao",
  "version": "1.0.0",
  "lockfileVersion": 2,
  "requires": true,
  "packages": {
    "": {
      "version": "1.0.0",
      "license": "ISC",
      "dependencies": {
        "ascii-table": "^0.0.9",
        "nerdamer": "^1.1.11",
        "nodeplotlib": "^0.7.3"
      }
    },
    "node_modules/@types/d3": {
      "version": "3.5.44",
      "resolved": "https://registry.npmjs.org/@types/d3/-/d3-3.5.44.tgz",
      "integrity": "sha512-hFEcf03YGJ2uQoDYEp3nFD5mXWxly5kf6KOstuOQFEs9sUCN7kNlKhcYkpZ3gK6PiHz4XRLkoHa80NVCJNeLBw=="
    },
    "node_modules/@types/plotly.js": {
      "version": "1.54.10",
      "resolved": "https://registry.npmjs.org/@types/plotly.js/-/plotly.js-1.54.10.tgz",
      "integrity": "sha512-38CuUoM5M1jQl5setuGl4yj59+7Cn6WYIQyeGLptJpAJre9/wZLl0EzdnImVB3l+qUBYxkbCH9FIDV/JoPzTXQ==",
      "dependencies": {
        "@types/d3": "^3"
      }
    },
    "node_modules/ascii-table": {
      "version": "0.0.9",
      "resolved": "https://registry.npmjs.org/ascii-table/-/ascii-table-0.0.9.tgz",
      "integrity": "sha1-BqZgTWpV1L9BqaR9mHLXp42jHnM="
    },
    "node_modules/nerdamer": {
      "version": "1.1.11",
      "resolved": "https://registry.npmjs.org/nerdamer/-/nerdamer-1.1.11.tgz",
      "integrity": "sha512-EcvEAYALQLAg9yk8c0xE0wLBA1xdjhglBvMr9xk0WaI+arwkXTjGgUpXOVTiwLm3VKv9tPFc8R4UjJxnmGfnSg==",
      "engines": {
        "node": ">=0.10.0"
      }
    },
    "node_modules/nodeplotlib": {
      "version": "0.7.3",
      "resolved": "https://registry.npmjs.org/nodeplotlib/-/nodeplotlib-0.7.3.tgz",
      "integrity": "sha512-ysMfRzNlFXGz2wG4AbZ+quSGx4JkNaggY0X4ILyWIqntHnDMa7cgN0KfT8Q0uUFIXjoLVZsnfTTZ2hLqsZm/7A==",
      "dependencies": {
        "@types/plotly.js": "^1.54.7"
      }
    }
  },
  "dependencies": {
    "@types/d3": {
      "version": "3.5.44",
      "resolved": "https://registry.npmjs.org/@types/d3/-/d3-3.5.44.tgz",
      "integrity": "sha512-hFEcf03YGJ2uQoDYEp3nFD5mXWxly5kf6KOstuOQFEs9sUCN7kNlKhcYkpZ3gK6PiHz4XRLkoHa80NVCJNeLBw=="
    },
    "@types/plotly.js": {
      "version": "1.54.10",
      "resolved": "https://registry.npmjs.org/@types/plotly.js/-/plotly.js-1.54.10.tgz",
      "integrity": "sha512-38CuUoM5M1jQl5setuGl4yj59+7Cn6WYIQyeGLptJpAJre9/wZLl0EzdnImVB3l+qUBYxkbCH9FIDV/JoPzTXQ==",
      "requires": {
        "@types/d3": "^3"
      }
    },
    "ascii-table": {
      "version": "0.0.9",
      "resolved": "https://registry.npmjs.org/ascii-table/-/ascii-table-0.0.9.tgz",
      "integrity": "sha1-BqZgTWpV1L9BqaR9mHLXp42jHnM="
    },
    "nerdamer": {
      "version": "1.1.11",
      "resolved": "https://registry.npmjs.org/nerdamer/-/nerdamer-1.1.11.tgz",
      "integrity": "sha512-EcvEAYALQLAg9yk8c0xE0wLBA1xdjhglBvMr9xk0WaI+arwkXTjGgUpXOVTiwLm3VKv9tPFc8R4UjJxnmGfnSg=="
    },
    "nodeplotlib": {
      "version": "0.7.3",
      "resolved": "https://registry.npmjs.org/nodeplotlib/-/nodeplotlib-0.7.3.tgz",
      "integrity": "sha512-ysMfRzNlFXGz2wG4AbZ+quSGx4JkNaggY0X4ILyWIqntHnDMa7cgN0KfT8Q0uUFIXjoLVZsnfTTZ2hLqsZm/7A==",
      "requires": {
        "@types/plotly.js": "^1.54.7"
      }
    }
  }
}
